// !$*UTF8*$!
{
	archiveVersion = 1;
	classes = {
	};
	objectVersion = 50;
	objects = {

/* Begin PBXBuildFile section */
		B5DA1F702500E0B1002CF2A4 /* AppDelegate.m in Sources */ = {isa = PBXBuildFile; fileRef = B5DA1F6F2500E0B1002CF2A4 /* AppDelegate.m */; };
		B5DA1F732500E0B1002CF2A4 /* SceneDelegate.m in Sources */ = {isa = PBXBuildFile; fileRef = B5DA1F722500E0B1002CF2A4 /* SceneDelegate.m */; };
		B5DA1F762500E0B1002CF2A4 /* ViewController.m in Sources */ = {isa = PBXBuildFile; fileRef = B5DA1F752500E0B1002CF2A4 /* ViewController.m */; };
		B5DA1F7B2500E0B4002CF2A4 /* Assets.xcassets in Resources */ = {isa = PBXBuildFile; fileRef = B5DA1F7A2500E0B4002CF2A4 /* Assets.xcassets */; };
		B5DA1F7E2500E0B4002CF2A4 /* LaunchScreen.storyboard in Resources */ = {isa = PBXBuildFile; fileRef = B5DA1F7C2500E0B4002CF2A4 /* LaunchScreen.storyboard */; };
		B5DA1F812500E0B4002CF2A4 /* main.m in Sources */ = {isa = PBXBuildFile; fileRef = B5DA1F802500E0B4002CF2A4 /* main.m */; };
		B5DA1F892500E0D7002CF2A4 /* HTMLView.m in Sources */ = {isa = PBXBuildFile; fileRef = B5DA1F882500E0D7002CF2A4 /* HTMLView.m */; };
		B5DA1F8C2500E5CA002CF2A4 /* HTMLViewController.m in Sources */ = {isa = PBXBuildFile; fileRef = B5DA1F8B2500E5CA002CF2A4 /* HTMLViewController.m */; };
/* End PBXBuildFile section */

/* Begin PBXFileReference section */
		B5DA1F6B2500E0B1002CF2A4 /* WKDemo.app */ = {isa = PBXFileReference; explicitFileType = wrapper.application; includeInIndex = 0; path = WKDemo.app; sourceTree = BUILT_PRODUCTS_DIR; };
		B5DA1F6E2500E0B1002CF2A4 /* AppDelegate.h */ = {isa = PBXFileReference; lastKnownFileType = sourcecode.c.h; path = AppDelegate.h; sourceTree = "<group>"; };
		B5DA1F6F2500E0B1002CF2A4 /* AppDelegate.m */ = {isa = PBXFileReference; lastKnownFileType = sourcecode.c.objc; path = AppDelegate.m; sourceTree = "<group>"; };
		B5DA1F712500E0B1002CF2A4 /* SceneDelegate.h */ = {isa = PBXFileReference; lastKnownFileType = sourcecode.c.h; path = SceneDelegate.h; sourceTree = "<group>"; };
		B5DA1F722500E0B1002CF2A4 /* SceneDelegate.m */ = {isa = PBXFileReference; lastKnownFileType = sourcecode.c.objc; path = SceneDelegate.m; sourceTree = "<group>"; };
		B5DA1F742500E0B1002CF2A4 /* ViewController.h */ = {isa = PBXFileReference; lastKnownFileType = sourcecode.c.h; path = ViewController.h; sourceTree = "<group>"; };
		B5DA1F752500E0B1002CF2A4 /* ViewController.m */ = {isa = PBXFileReference; lastKnownFileType = sourcecode.c.objc; path = ViewController.m; sourceTree = "<group>"; };
		B5DA1F7A2500E0B4002CF2A4 /* Assets.xcassets */ = {isa = PBXFileReference; lastKnownFileType = folder.assetcatalog; path = Assets.xcassets; sourceTree = "<group>"; };
		B5DA1F7D2500E0B4002CF2A4 /* Base */ = {isa = PBXFileReference; lastKnownFileType = file.storyboard; name = Base; path = Base.lproj/LaunchScreen.storyboard; sourceTree = "<group>"; };
		B5DA1F7F2500E0B4002CF2A4 /* Info.plist */ = {isa = PBXFileReference; lastKnownFileType = text.plist.xml; path = Info.plist; sourceTree = "<group>"; };
		B5DA1F802500E0B4002CF2A4 /* main.m */ = {isa = PBXFileReference; lastKnownFileType = sourcecode.c.objc; path = main.m; sourceTree = "<group>"; };
		B5DA1F872500E0D7002CF2A4 /* HTMLView.h */ = {isa = PBXFileReference; lastKnownFileType = sourcecode.c.h; path = HTMLView.h; sourceTree = "<group>"; };
		B5DA1F882500E0D7002CF2A4 /* HTMLView.m */ = {isa = PBXFileReference; lastKnownFileType = sourcecode.c.objc; path = HTMLView.m; sourceTree = "<group>"; };
		B5DA1F8A2500E5CA002CF2A4 /* HTMLViewController.h */ = {isa = PBXFileReference; lastKnownFileType = sourcecode.c.h; path = HTMLViewController.h; sourceTree = "<group>"; };
		B5DA1F8B2500E5CA002CF2A4 /* HTMLViewController.m */ = {isa = PBXFileReference; lastKnownFileType = sourcecode.c.objc; path = HTMLViewController.m; sourceTree = "<group>"; };
/* End PBXFileReference section */

/* Begin PBXFrameworksBuildPhase section */
		B5DA1F682500E0B1002CF2A4 /* Frameworks */ = {
			isa = PBXFrameworksBuildPhase;
			buildActionMask = 2147483647;
			files = (
			);
			runOnlyForDeploymentPostprocessing = 0;
		};
/* End PBXFrameworksBuildPhase section */

/* Begin PBXGroup section */
		B5DA1F622500E0B1002CF2A4 = {
			isa = PBXGroup;
			children = (
				B5DA1F6D2500E0B1002CF2A4 /* WKDemo */,
				B5DA1F6C2500E0B1002CF2A4 /* Products */,
			);
			sourceTree = "<group>";
		};
		B5DA1F6C2500E0B1002CF2A4 /* Products */ = {
			isa = PBXGroup;
			children = (
				B5DA1F6B2500E0B1002CF2A4 /* WKDemo.app */,
			);
			name = Products;
			sourceTree = "<group>";
		};
		B5DA1F6D2500E0B1002CF2A4 /* WKDemo */ = {
			isa = PBXGroup;
			children = (
				B5DA1F6E2500E0B1002CF2A4 /* AppDelegate.h */,
				B5DA1F6F2500E0B1002CF2A4 /* AppDelegate.m */,
				B5DA1F712500E0B1002CF2A4 /* SceneDelegate.h */,
				B5DA1F722500E0B1002CF2A4 /* SceneDelegate.m */,
				B5DA1F742500E0B1002CF2A4 /* ViewController.h */,
				B5DA1F752500E0B1002CF2A4 /* ViewController.m */,
				B5DA1F7A2500E0B4002CF2A4 /* Assets.xcassets */,
				B5DA1F7C2500E0B4002CF2A4 /* LaunchScreen.storyboard */,
				B5DA1F7F2500E0B4002CF2A4 /* Info.plist */,
				B5DA1F802500E0B4002CF2A4 /* main.m */,
				B5DA1F872500E0D7002CF2A4 /* HTMLView.h */,
				B5DA1F882500E0D7002CF2A4 /* HTMLView.m */,
				B5DA1F8A2500E5CA002CF2A4 /* HTMLViewController.h */,
				B5DA1F8B2500E5CA002CF2A4 /* HTMLViewController.m */,
			);
			path = WKDemo;
			sourceTree = "<group>";
		};
/* End PBXGroup section */

/* Begin PBXNativeTarget section */
		B5DA1F6A2500E0B1002CF2A4 /* WKDemo */ = {
			isa = PBXNativeTarget;
			buildConfigurationList = B5DA1F842500E0B4002CF2A4 /* Build configuration list for PBXNativeTarget "WKDemo" */;
			buildPhases = (
				B5DA1F672500E0B1002CF2A4 /* Sources */,
				B5DA1F682500E0B1002CF2A4 /* Frameworks */,
				B5DA1F692500E0B1002CF2A4 /* Resources */,
			);
			buildRules = (
			);
			dependencies = (
			);
			name = WKDemo;
			productName = WKDemo;
			productReference = B5DA1F6B2500E0B1002CF2A4 /* WKDemo.app */;
			productType = "com.apple.product-type.application";
		};
/* End PBXNativeTarget section */

/* Begin PBXProject section */
		B5DA1F632500E0B1002CF2A4 /* Project object */ = {
			isa = PBXProject;
			attributes = {
				LastUpgradeCheck = 1200;
				TargetAttributes = {
					B5DA1F6A2500E0B1002CF2A4 = {
						CreatedOnToolsVersion = 12.0;
					};
				};
			};
			buildConfigurationList = B5DA1F662500E0B1002CF2A4 /* Build configuration list for PBXProject "WKDemo" */;
			compatibilityVersion = "Xcode 9.3";
			developmentRegion = en;
			hasScannedForEncodings = 0;
			knownRegions = (
				en,
				Base,
			);
			mainGroup = B5DA1F622500E0B1002CF2A4;
			productRefGroup = B5DA1F6C2500E0B1002CF2A4 /* Products */;
			projectDirPath = "";
			projectRoot = "";
			targets = (
				B5DA1F6A2500E0B1002CF2A4 /* WKDemo */,
			);
		};
/* End PBXProject section */

/* Begin PBXResourcesBuildPhase section */
		B5DA1F692500E0B1002CF2A4 /* Resources */ = {
			isa = PBXResourcesBuildPhase;
			buildActionMask = 2147483647;
			files = (
				B5DA1F7E2500E0B4002CF2A4 /* LaunchScreen.storyboard in Resources */,
				B5DA1F7B2500E0B4002CF2A4 /* Assets.xcassets in Resources */,
			);
			runOnlyForDeploymentPostprocessing = 0;
		};
/* End PBXResourcesBuildPhase section */

/* Begin PBXSourcesBuildPhase section */
		B5DA1F672500E0B1002CF2A4 /* Sources */ = {
			isa = PBXSourcesBuildPhase;
			buildActionMask = 2147483647;
			files = (
				B5DA1F8C2500E5CA002CF2A4 /* HTMLViewController.m in Sources */,
				B5DA1F892500E0D7002CF2A4 /* HTMLView.m in Sources */,
				B5DA1F762500E0B1002CF2A4 /* ViewController.m in Sources */,
				B5DA1F702500E0B1002CF2A4 /* AppDelegate.m in Sources */,
				B5DA1F812500E0B4002CF2A4 /* main.m in Sources */,
				B5DA1F732500E0B1002CF2A4 /* SceneDelegate.m in Sources */,
			);
			runOnlyForDeploymentPostprocessing = 0;
		};
/* End PBXSourcesBuildPhase section */

/* Begin PBXVariantGroup section */
		B5DA1F7C2500E0B4002CF2A4 /* LaunchScreen.storyboard */ = {
			isa = PBXVariantGroup;
			children = (
				B5DA1F7D2500E0B4002CF2A4 /* Base */,
			);
			name = LaunchScreen.storyboard;
			sourceTree = "<group>";
		};
/* End PBXVariantGroup section */

/* Begin XCBuildConfiguration section */
		B5DA1F822500E0B4002CF2A4 /* Debug */ = {
			isa = XCBuildConfiguration;
			buildSettings = {
				ALWAYS_SEARCH_USER_PATHS = NO;
				CLANG_ANALYZER_NONNULL = YES;
				CLANG_ANALYZER_NUMBER_OBJECT_CONVERSION = YES_AGGRESSIVE;
				CLANG_CXX_LANGUAGE_STANDARD = "gnu++14";
				CLANG_CXX_LIBRARY = "libc++";
				CLANG_ENABLE_MODULES = YES;
				CLANG_ENABLE_OBJC_ARC = YES;
				CLANG_ENABLE_OBJC_WEAK = YES;
				CLANG_WARN_BLOCK_CAPTURE_AUTORELEASING = YES;
				CLANG_WARN_BOOL_CONVERSION = YES;
				CLANG_WARN_COMMA = YES;
				CLANG_WARN_CONSTANT_CONVERSION = YES;
				CLANG_WARN_DEPRECATED_OBJC_IMPLEMENTATIONS = YES;
				CLANG_WARN_DIRECT_OBJC_ISA_USAGE = YES_ERROR;
				CLANG_WARN_DOCUMENTATION_COMMENTS = YES;
				CLANG_WARN_EMPTY_BODY = YES;
				CLANG_WARN_ENUM_CONVERSION = YES;
				CLANG_WARN_INFINITE_RECURSION = YES;
				CLANG_WARN_INT_CONVERSION = YES;
				CLANG_WARN_NON_LITERAL_NULL_CONVERSION = YES;
				CLANG_WARN_OBJC_IMPLICIT_RETAIN_SELF = YES;
				CLANG_WARN_OBJC_LITERAL_CONVERSION = YES;
				CLANG_WARN_OBJC_ROOT_CLASS = YES_ERROR;
				CLANG_WARN_QUOTED_INCLUDE_IN_FRAMEWORK_HEADER = YES;
				CLANG_WARN_RANGE_LOOP_ANALYSIS = YES;
				CLANG_WARN_STRICT_PROTOTYPES = YES;
				CLANG_WARN_SUSPICIOUS_MOVE = YES;
				CLANG_WARN_UNGUARDED_AVAILABILITY = YES_AGGRESSIVE;
				CLANG_WARN_UNREACHABLE_CODE = YES;
				CLANG_WARN__DUPLICATE_METHOD_MATCH = YES;
				COPY_PHASE_STRIP = NO;
				DEBUG_INFORMATION_FORMAT = dwarf;
				ENABLE_STRICT_OBJC_MSGSEND = YES;
				ENABLE_TESTABILITY = YES;
				GCC_C_LANGUAGE_STANDARD = gnu11;
				GCC_DYNAMIC_NO_PIC = NO;
				GCC_NO_COMMON_BLOCKS = YES;
				GCC_OPTIMIZATION_LEVEL = 0;
				GCC_PREPROCESSOR_DEFINITIONS = (
					"DEBUG=1",
					"$(inherited)",
				);
				GCC_WARN_64_TO_32_BIT_CONVERSION = YES;
				GCC_WARN_ABOUT_RETURN_TYPE = YES_ERROR;
				GCC_WARN_UNDECLARED_SELECTOR = YES;
				GCC_WARN_UNINITIALIZED_AUTOS = YES_AGGRESSIVE;
				GCC_WARN_UNUSED_FUNCTION = YES;
				GCC_WARN_UNUSED_VARIABLE = YES;
				IPHONEOS_DEPLOYMENT_TARGET = 14.0;
				MTL_ENABLE_DEBUG_INFO = INCLUDE_SOURCE;
				MTL_FAST_MATH = YES;
				ONLY_ACTIVE_ARCH = YES;
				SDKROOT = iphoneos;
			};
			name = Debug;
		};
		B5DA1F832500E0B4002CF2A4 /* Release */ = {
			isa = XCBuildConfiguration;
			buildSettings = {
				ALWAYS_SEARCH_USER_PATHS = NO;
				CLANG_ANALYZER_NONNULL = YES;
				CLANG_ANALYZER_NUMBER_OBJECT_CONVERSION = YES_AGGRESSIVE;
				CLANG_CXX_LANGUAGE_STANDARD = "gnu++14";
				CLANG_CXX_LIBRARY = "libc++";
				CLANG_ENABLE_MODULES = YES;
				CLANG_ENABLE_OBJC_ARC = YES;
				CLANG_ENABLE_OBJC_WEAK = YES;
				CLANG_WARN_BLOCK_CAPTURE_AUTORELEASING = YES;
				CLANG_WARN_BOOL_CONVERSION = YES;
				CLANG_WARN_COMMA = YES;
				CLANG_WARN_CONSTANT_CONVERSION = YES;
				CLANG_WARN_DEPRECATED_OBJC_IMPLEMENTATIONS = YES;
				CLANG_WARN_DIRECT_OBJC_ISA_USAGE = YES_ERROR;
				CLANG_WARN_DOCUMENTATION_COMMENTS = YES;
				CLANG_WARN_EMPTY_BODY = YES;
				CLANG_WARN_ENUM_CONVERSION = YES;
				CLANG_WARN_INFINITE_RECURSION = YES;
				CLANG_WARN_INT_CONVERSION = YES;
				CLANG_WARN_NON_LITERAL_NULL_CONVERSION = YES;
				CLANG_WARN_OBJC_IMPLICIT_RETAIN_SELF = YES;
				CLANG_WARN_OBJC_LITERAL_CONVERSION = YES;
				CLANG_WARN_OBJC_ROOT_CLASS = YES_ERROR;
				CLANG_WARN_QUOTED_INCLUDE_IN_FRAMEWORK_HEADER = YES;
				CLANG_WARN_RANGE_LOOP_ANALYSIS = YES;
				CLANG_WARN_STRICT_PROTOTYPES = YES;
				CLANG_WARN_SUSPICIOUS_MOVE = YES;
				CLANG_WARN_UNGUARDED_AVAILABILITY = YES_AGGRESSIVE;
				CLANG_WARN_UNREACHABLE_CODE = YES;
				CLANG_WARN__DUPLICATE_METHOD_MATCH = YES;
				COPY_PHASE_STRIP = NO;
				DEBUG_INFORMATION_FORMAT = "dwarf-with-dsym";
				ENABLE_NS_ASSERTIONS = NO;
				ENABLE_STRICT_OBJC_MSGSEND = YES;
				GCC_C_LANGUAGE_STANDARD = gnu11;
				GCC_NO_COMMON_BLOCKS = YES;
				GCC_WARN_64_TO_32_BIT_CONVERSION = YES;
				GCC_WARN_ABOUT_RETURN_TYPE = YES_ERROR;
				GCC_WARN_UNDECLARED_SELECTOR = YES;
				GCC_WARN_UNINITIALIZED_AUTOS = YES_AGGRESSIVE;
				GCC_WARN_UNUSED_FUNCTION = YES;
				GCC_WARN_UNUSED_VARIABLE = YES;
				IPHONEOS_DEPLOYMENT_TARGET = 14.0;
				MTL_ENABLE_DEBUG_INFO = NO;
				MTL_FAST_MATH = YES;
				SDKROOT = iphoneos;
				VALIDATE_PRODUCT = YES;
			};
			name = Release;
		};
		B5DA1F852500E0B4002CF2A4 /* Debug */ = {
			isa = XCBuildConfiguration;
			buildSettings = {
				ASSETCATALOG_COMPILER_APPICON_NAME = AppIcon;
				ASSETCATALOG_COMPILER_GLOBAL_ACCENT_COLOR_NAME = AccentColor;
				CODE_SIGN_STYLE = Automatic;
				DEVELOPMENT_TEAM = WYKLZGC9RP;
				INFOPLIST_FILE = WKDemo/Info.plist;
				IPHONEOS_DEPLOYMENT_TARGET = 13.7;
				LD_RUNPATH_SEARCH_PATHS = (
					"$(inherited)",
					"@executable_path/Frameworks",
				);
				PRODUCT_BUNDLE_IDENTIFIER = neo.WKDemo;
				PRODUCT_NAME = "$(TARGET_NAME)";
				TARGETED_DEVICE_FAMILY = "1,2";
			};
			name = Debug;
		};
		B5DA1F862500E0B4002CF2A4 /* Release */ = {
			isa = XCBuildConfiguration;
			buildSettings = {
				ASSETCATALOG_COMPILER_APPICON_NAME = AppIcon;
				ASSETCATALOG_COMPILER_GLOBAL_ACCENT_COLOR_NAME = AccentColor;
				CODE_SIGN_STYLE = Automatic;
				DEVELOPMENT_TEAM = WYKLZGC9RP;
				INFOPLIST_FILE = WKDemo/Info.plist;
				IPHONEOS_DEPLOYMENT_TARGET = 13.7;
				LD_RUNPATH_SEARCH_PATHS = (
					"$(inherited)",
					"@executable_path/Frameworks",
				);
				PRODUCT_BUNDLE_IDENTIFIER = neo.WKDemo;
				PRODUCT_NAME = "$(TARGET_NAME)";
				TARGETED_DEVICE_FAMILY = "1,2";
			};
			name = Release;
		};
/* End XCBuildConfiguration section */

/* Begin XCConfigurationList section */
		B5DA1F662500E0B1002CF2A4 /* Build configuration list for PBXProject "WKDemo" */ = {
			isa = XCConfigurationList;
			buildConfigurations = (
				B5DA1F822500E0B4002CF2A4 /* Debug */,
				B5DA1F832500E0B4002CF2A4 /* Release */,
			);
			defaultConfigurationIsVisible = 0;
			defaultConfigurationName = Release;
		};
		B5DA1F842500E0B4002CF2A4 /* Build configuration list for PBXNativeTarget "WKDemo" */ = {
			isa = XCConfigurationList;
			buildConfigurations = (
				B5DA1F852500E0B4002CF2A4 /* Debug */,
				B5DA1F862500E0B4002CF2A4 /* Release */,
			);
			defaultConfigurationIsVisible = 0;
			defaultConfigurationName = Release;
		};
/* End XCConfigurationList section */
	};
	rootObject = B5DA1F632500E0B1002CF2A4 /* Project object */;
}
